// !$*UTF8*$!
{
	archiveVersion = 1;
	classes = {
	};
	objectVersion = 51;
	objects = {

/* Begin PBXBuildFile section */
		105FAAAD23A0E88C0004FF20 /* AppDelegate.swift in Sources */ = {isa = PBXBuildFile; fileRef = 105FAAAC23A0E88C0004FF20 /* AppDelegate.swift */; };
		105FAAAF23A0E88C0004FF20 /* SceneDelegate.swift in Sources */ = {isa = PBXBuildFile; fileRef = 105FAAAE23A0E88C0004FF20 /* SceneDelegate.swift */; };
		105FAAB123A0E88C0004FF20 /* FirstViewController.swift in Sources */ = {isa = PBXBuildFile; fileRef = 105FAAB023A0E88C0004FF20 /* FirstViewController.swift */; };
		105FAAB423A0E88C0004FF20 /* Main.storyboard in Resources */ = {isa = PBXBuildFile; fileRef = 105FAAB223A0E88C0004FF20 /* Main.storyboard */; };
		105FAAB623A0E8920004FF20 /* Assets.xcassets in Resources */ = {isa = PBXBuildFile; fileRef = 105FAAB523A0E8920004FF20 /* Assets.xcassets */; };
		105FAAB923A0E8920004FF20 /* LaunchScreen.storyboard in Resources */ = {isa = PBXBuildFile; fileRef = 105FAAB723A0E8920004FF20 /* LaunchScreen.storyboard */; };
		105FAAC123A0F2F60004FF20 /* SecondViewController.swift in Sources */ = {isa = PBXBuildFile; fileRef = 105FAAC023A0F2F60004FF20 /* SecondViewController.swift */; };
		105FAAC323A133A40004FF20 /* OAuthManager.swift in Sources */ = {isa = PBXBuildFile; fileRef = 105FAAC223A133A40004FF20 /* OAuthManager.swift */; };
		105FAACB23A2347D0004FF20 /* LevelTableViewCell.swift in Sources */ = {isa = PBXBuildFile; fileRef = 105FAAC923A2347D0004FF20 /* LevelTableViewCell.swift */; };
		105FAACC23A2347D0004FF20 /* LevelTableViewCell.xib in Resources */ = {isa = PBXBuildFile; fileRef = 105FAACA23A2347D0004FF20 /* LevelTableViewCell.xib */; };
		105FAAD023A242520004FF20 /* GeneralDataTableViewCell.swift in Sources */ = {isa = PBXBuildFile; fileRef = 105FAACE23A242520004FF20 /* GeneralDataTableViewCell.swift */; };
		105FAAD123A242520004FF20 /* GeneralDataTableViewCell.xib in Resources */ = {isa = PBXBuildFile; fileRef = 105FAACF23A242520004FF20 /* GeneralDataTableViewCell.xib */; };
		105FAAD323A288160004FF20 /* UserDataModel.swift in Sources */ = {isa = PBXBuildFile; fileRef = 105FAAD223A288160004FF20 /* UserDataModel.swift */; };
		105FAAD523A3F4840004FF20 /* Utils.swift in Sources */ = {isa = PBXBuildFile; fileRef = 105FAAD423A3F4840004FF20 /* Utils.swift */; };
		10C1ACB623A9932C008B16C7 /* Animations.swift in Sources */ = {isa = PBXBuildFile; fileRef = 10C1ACB523A9932C008B16C7 /* Animations.swift */; };
		10C1ACB823AADCF5008B16C7 /* KeychainManager.swift in Sources */ = {isa = PBXBuildFile; fileRef = 10C1ACB723AADCF5008B16C7 /* KeychainManager.swift */; };
		3D8EABA0E0DFD5C8284A5AD2 /* Pods_SwiftyCompanion.framework in Frameworks */ = {isa = PBXBuildFile; fileRef = 67BD8AF6C10F52FA64D4DC06 /* Pods_SwiftyCompanion.framework */; };
/* End PBXBuildFile section */

/* Begin PBXFileReference section */
		105FAAA923A0E88C0004FF20 /* SwiftyCompanion.app */ = {isa = PBXFileReference; explicitFileType = wrapper.application; includeInIndex = 0; path = SwiftyCompanion.app; sourceTree = BUILT_PRODUCTS_DIR; };
		105FAAAC23A0E88C0004FF20 /* AppDelegate.swift */ = {isa = PBXFileReference; lastKnownFileType = sourcecode.swift; path = AppDelegate.swift; sourceTree = "<group>"; };
		105FAAAE23A0E88C0004FF20 /* SceneDelegate.swift */ = {isa = PBXFileReference; lastKnownFileType = sourcecode.swift; path = SceneDelegate.swift; sourceTree = "<group>"; };
		105FAAB023A0E88C0004FF20 /* FirstViewController.swift */ = {isa = PBXFileReference; lastKnownFileType = sourcecode.swift; path = FirstViewController.swift; sourceTree = "<group>"; };
		105FAAB323A0E88C0004FF20 /* Base */ = {isa = PBXFileReference; lastKnownFileType = file.storyboard; name = Base; path = Base.lproj/Main.storyboard; sourceTree = "<group>"; };
		105FAAB523A0E8920004FF20 /* Assets.xcassets */ = {isa = PBXFileReference; lastKnownFileType = folder.assetcatalog; path = Assets.xcassets; sourceTree = "<group>"; };
		105FAAB823A0E8920004FF20 /* Base */ = {isa = PBXFileReference; lastKnownFileType = file.storyboard; name = Base; path = Base.lproj/LaunchScreen.storyboard; sourceTree = "<group>"; };
		105FAABA23A0E8920004FF20 /* Info.plist */ = {isa = PBXFileReference; lastKnownFileType = text.plist.xml; path = Info.plist; sourceTree = "<group>"; };
		105FAAC023A0F2F60004FF20 /* SecondViewController.swift */ = {isa = PBXFileReference; lastKnownFileType = sourcecode.swift; path = SecondViewController.swift; sourceTree = "<group>"; };
		105FAAC223A133A40004FF20 /* OAuthManager.swift */ = {isa = PBXFileReference; lastKnownFileType = sourcecode.swift; path = OAuthManager.swift; sourceTree = "<group>"; };
		105FAAC923A2347D0004FF20 /* LevelTableViewCell.swift */ = {isa = PBXFileReference; lastKnownFileType = sourcecode.swift; path = LevelTableViewCell.swift; sourceTree = "<group>"; };
		105FAACA23A2347D0004FF20 /* LevelTableViewCell.xib */ = {isa = PBXFileReference; lastKnownFileType = file.xib; path = LevelTableViewCell.xib; sourceTree = "<group>"; };
		105FAACE23A242520004FF20 /* GeneralDataTableViewCell.swift */ = {isa = PBXFileReference; lastKnownFileType = sourcecode.swift; path = GeneralDataTableViewCell.swift; sourceTree = "<group>"; };
		105FAACF23A242520004FF20 /* GeneralDataTableViewCell.xib */ = {isa = PBXFileReference; lastKnownFileType = file.xib; path = GeneralDataTableViewCell.xib; sourceTree = "<group>"; };
		105FAAD223A288160004FF20 /* UserDataModel.swift */ = {isa = PBXFileReference; lastKnownFileType = sourcecode.swift; path = UserDataModel.swift; sourceTree = "<group>"; };
		105FAAD423A3F4840004FF20 /* Utils.swift */ = {isa = PBXFileReference; lastKnownFileType = sourcecode.swift; path = Utils.swift; sourceTree = "<group>"; };
		10C1ACB523A9932C008B16C7 /* Animations.swift */ = {isa = PBXFileReference; lastKnownFileType = sourcecode.swift; path = Animations.swift; sourceTree = "<group>"; };
		10C1ACB723AADCF5008B16C7 /* KeychainManager.swift */ = {isa = PBXFileReference; lastKnownFileType = sourcecode.swift; path = KeychainManager.swift; sourceTree = "<group>"; };
		36362B82AD76BAD5743703AE /* Pods-SwiftyCompanion.debug.xcconfig */ = {isa = PBXFileReference; includeInIndex = 1; lastKnownFileType = text.xcconfig; name = "Pods-SwiftyCompanion.debug.xcconfig"; path = "Target Support Files/Pods-SwiftyCompanion/Pods-SwiftyCompanion.debug.xcconfig"; sourceTree = "<group>"; };
		54D430353886D29668B72FC4 /* Pods-SwiftyCompanion.release.xcconfig */ = {isa = PBXFileReference; includeInIndex = 1; lastKnownFileType = text.xcconfig; name = "Pods-SwiftyCompanion.release.xcconfig"; path = "Target Support Files/Pods-SwiftyCompanion/Pods-SwiftyCompanion.release.xcconfig"; sourceTree = "<group>"; };
		67BD8AF6C10F52FA64D4DC06 /* Pods_SwiftyCompanion.framework */ = {isa = PBXFileReference; explicitFileType = wrapper.framework; includeInIndex = 0; path = Pods_SwiftyCompanion.framework; sourceTree = BUILT_PRODUCTS_DIR; };
/* End PBXFileReference section */

/* Begin PBXFrameworksBuildPhase section */
		105FAAA623A0E88C0004FF20 /* Frameworks */ = {
			isa = PBXFrameworksBuildPhase;
			buildActionMask = 2147483647;
			files = (
				3D8EABA0E0DFD5C8284A5AD2 /* Pods_SwiftyCompanion.framework in Frameworks */,
			);
			runOnlyForDeploymentPostprocessing = 0;
		};
/* End PBXFrameworksBuildPhase section */

/* Begin PBXGroup section */
		105FAAA023A0E88C0004FF20 = {
			isa = PBXGroup;
			children = (
				105FAAAB23A0E88C0004FF20 /* SwiftyCompanion */,
				105FAAAA23A0E88C0004FF20 /* Products */,
				A6D737DF7A6A8DB7E9AC6F7B /* Pods */,
				7C87FDF1E0BF579348F4BB2B /* Frameworks */,
			);
			sourceTree = "<group>";
		};
		105FAAAA23A0E88C0004FF20 /* Products */ = {
			isa = PBXGroup;
			children = (
				105FAAA923A0E88C0004FF20 /* SwiftyCompanion.app */,
			);
			name = Products;
			sourceTree = "<group>";
		};
		105FAAAB23A0E88C0004FF20 /* SwiftyCompanion */ = {
			isa = PBXGroup;
			children = (
				105FAAAC23A0E88C0004FF20 /* AppDelegate.swift */,
				105FAAAE23A0E88C0004FF20 /* SceneDelegate.swift */,
				105FAAC523A151170004FF20 /* Models */,
				105FAAC623A151280004FF20 /* Views */,
				105FAAC423A1510C0004FF20 /* Controllers */,
				105FAAB523A0E8920004FF20 /* Assets.xcassets */,
				105FAABA23A0E8920004FF20 /* Info.plist */,
			);
			path = SwiftyCompanion;
			sourceTree = "<group>";
		};
		105FAAC423A1510C0004FF20 /* Controllers */ = {
			isa = PBXGroup;
			children = (
				105FAAB023A0E88C0004FF20 /* FirstViewController.swift */,
				105FAAC023A0F2F60004FF20 /* SecondViewController.swift */,
			);
			path = Controllers;
			sourceTree = "<group>";
		};
		105FAAC523A151170004FF20 /* Models */ = {
			isa = PBXGroup;
			children = (
				10C1ACB523A9932C008B16C7 /* Animations.swift */,
				105FAAC223A133A40004FF20 /* OAuthManager.swift */,
				10C1ACB723AADCF5008B16C7 /* KeychainManager.swift */,
				105FAAD223A288160004FF20 /* UserDataModel.swift */,
				105FAAD423A3F4840004FF20 /* Utils.swift */,
				105FAACD23A234890004FF20 /* Cells */,
			);
			path = Models;
			sourceTree = "<group>";
		};
		105FAAC623A151280004FF20 /* Views */ = {
			isa = PBXGroup;
			children = (
				105FAAB223A0E88C0004FF20 /* Main.storyboard */,
				105FAAB723A0E8920004FF20 /* LaunchScreen.storyboard */,
			);
			path = Views;
			sourceTree = "<group>";
		};
		105FAACD23A234890004FF20 /* Cells */ = {
			isa = PBXGroup;
			children = (
				105FAAC923A2347D0004FF20 /* LevelTableViewCell.swift */,
				105FAACA23A2347D0004FF20 /* LevelTableViewCell.xib */,
				105FAACE23A242520004FF20 /* GeneralDataTableViewCell.swift */,
				105FAACF23A242520004FF20 /* GeneralDataTableViewCell.xib */,
			);
			path = Cells;
			sourceTree = "<group>";
		};
		7C87FDF1E0BF579348F4BB2B /* Frameworks */ = {
			isa = PBXGroup;
			children = (
				67BD8AF6C10F52FA64D4DC06 /* Pods_SwiftyCompanion.framework */,
			);
			name = Frameworks;
			sourceTree = "<group>";
		};
		A6D737DF7A6A8DB7E9AC6F7B /* Pods */ = {
			isa = PBXGroup;
			children = (
				36362B82AD76BAD5743703AE /* Pods-SwiftyCompanion.debug.xcconfig */,
				54D430353886D29668B72FC4 /* Pods-SwiftyCompanion.release.xcconfig */,
			);
			path = Pods;
			sourceTree = "<group>";
		};
/* End PBXGroup section */

/* Begin PBXNativeTarget section */
		105FAAA823A0E88C0004FF20 /* SwiftyCompanion */ = {
			isa = PBXNativeTarget;
			buildConfigurationList = 105FAABD23A0E8920004FF20 /* Build configuration list for PBXNativeTarget "SwiftyCompanion" */;
			buildPhases = (
				787C41C14277FFC3004CAAA4 /* [CP] Check Pods Manifest.lock */,
				105FAAA523A0E88C0004FF20 /* Sources */,
				105FAAA623A0E88C0004FF20 /* Frameworks */,
				105FAAA723A0E88C0004FF20 /* Resources */,
				B382D778D074B3402E01428C /* [CP] Embed Pods Frameworks */,
			);
			buildRules = (
			);
			dependencies = (
			);
			name = SwiftyCompanion;
			productName = SwiftyCompanion;
			productReference = 105FAAA923A0E88C0004FF20 /* SwiftyCompanion.app */;
			productType = "com.apple.product-type.application";
		};
/* End PBXNativeTarget section */

/* Begin PBXProject section */
		105FAAA123A0E88C0004FF20 /* Project object */ = {
			isa = PBXProject;
			attributes = {
				LastSwiftUpdateCheck = 1110;
				LastUpgradeCheck = 1110;
				ORGANIZATIONNAME = "Steve Vovchyna";
				TargetAttributes = {
					105FAAA823A0E88C0004FF20 = {
						CreatedOnToolsVersion = 11.1;
					};
				};
			};
			buildConfigurationList = 105FAAA423A0E88C0004FF20 /* Build configuration list for PBXProject "SwiftyCompanion" */;
			compatibilityVersion = "Xcode 9.3";
			developmentRegion = en;
			hasScannedForEncodings = 0;
			knownRegions = (
				en,
				Base,
			);
			mainGroup = 105FAAA023A0E88C0004FF20;
			productRefGroup = 105FAAAA23A0E88C0004FF20 /* Products */;
			projectDirPath = "";
			projectRoot = "";
			targets = (
				105FAAA823A0E88C0004FF20 /* SwiftyCompanion */,
			);
		};
/* End PBXProject section */

/* Begin PBXResourcesBuildPhase section */
		105FAAA723A0E88C0004FF20 /* Resources */ = {
			isa = PBXResourcesBuildPhase;
			buildActionMask = 2147483647;
			files = (
				105FAAB923A0E8920004FF20 /* LaunchScreen.storyboard in Resources */,
				105FAAB623A0E8920004FF20 /* Assets.xcassets in Resources */,
				105FAAD123A242520004FF20 /* GeneralDataTableViewCell.xib in Resources */,
				105FAACC23A2347D0004FF20 /* LevelTableViewCell.xib in Resources */,
				105FAAB423A0E88C0004FF20 /* Main.storyboard in Resources */,
			);
			runOnlyForDeploymentPostprocessing = 0;
		};
/* End PBXResourcesBuildPhase section */

/* Begin PBXShellScriptBuildPhase section */
		787C41C14277FFC3004CAAA4 /* [CP] Check Pods Manifest.lock */ = {
			isa = PBXShellScriptBuildPhase;
			buildActionMask = 2147483647;
			files = (
			);
			inputFileListPaths = (
			);
			inputPaths = (
				"${PODS_PODFILE_DIR_PATH}/Podfile.lock",
				"${PODS_ROOT}/Manifest.lock",
			);
			name = "[CP] Check Pods Manifest.lock";
			outputFileListPaths = (
			);
			outputPaths = (
				"$(DERIVED_FILE_DIR)/Pods-SwiftyCompanion-checkManifestLockResult.txt",
			);
			runOnlyForDeploymentPostprocessing = 0;
			shellPath = /bin/sh;
			shellScript = "diff \"${PODS_PODFILE_DIR_PATH}/Podfile.lock\" \"${PODS_ROOT}/Manifest.lock\" > /dev/null\nif [ $? != 0 ] ; then\n    # print error to STDERR\n    echo \"error: The sandbox is not in sync with the Podfile.lock. Run 'pod install' or update your CocoaPods installation.\" >&2\n    exit 1\nfi\n# This output is used by Xcode 'outputs' to avoid re-running this script phase.\necho \"SUCCESS\" > \"${SCRIPT_OUTPUT_FILE_0}\"\n";
			showEnvVarsInLog = 0;
		};
		B382D778D074B3402E01428C /* [CP] Embed Pods Frameworks */ = {
			isa = PBXShellScriptBuildPhase;
			buildActionMask = 2147483647;
			files = (
			);
			inputFileListPaths = (
				"${PODS_ROOT}/Target Support Files/Pods-SwiftyCompanion/Pods-SwiftyCompanion-frameworks-${CONFIGURATION}-input-files.xcfilelist",
			);
			name = "[CP] Embed Pods Frameworks";
			outputFileListPaths = (
				"${PODS_ROOT}/Target Support Files/Pods-SwiftyCompanion/Pods-SwiftyCompanion-frameworks-${CONFIGURATION}-output-files.xcfilelist",
			);
			runOnlyForDeploymentPostprocessing = 0;
			shellPath = /bin/sh;
			shellScript = "\"${PODS_ROOT}/Target Support Files/Pods-SwiftyCompanion/Pods-SwiftyCompanion-frameworks.sh\"\n";
			showEnvVarsInLog = 0;
		};
/* End PBXShellScriptBuildPhase section */

/* Begin PBXSourcesBuildPhase section */
		105FAAA523A0E88C0004FF20 /* Sources */ = {
			isa = PBXSourcesBuildPhase;
			buildActionMask = 2147483647;
			files = (
				105FAAC323A133A40004FF20 /* OAuthManager.swift in Sources */,
				105FAAC123A0F2F60004FF20 /* SecondViewController.swift in Sources */,
				105FAAD523A3F4840004FF20 /* Utils.swift in Sources */,
				105FAAB123A0E88C0004FF20 /* FirstViewController.swift in Sources */,
				105FAACB23A2347D0004FF20 /* LevelTableViewCell.swift in Sources */,
				105FAAD023A242520004FF20 /* GeneralDataTableViewCell.swift in Sources */,
				10C1ACB823AADCF5008B16C7 /* KeychainManager.swift in Sources */,
				10C1ACB623A9932C008B16C7 /* Animations.swift in Sources */,
				105FAAD323A288160004FF20 /* UserDataModel.swift in Sources */,
				105FAAAD23A0E88C0004FF20 /* AppDelegate.swift in Sources */,
				105FAAAF23A0E88C0004FF20 /* SceneDelegate.swift in Sources */,
			);
			runOnlyForDeploymentPostprocessing = 0;
		};
/* End PBXSourcesBuildPhase section */

/* Begin PBXVariantGroup section */
		105FAAB223A0E88C0004FF20 /* Main.storyboard */ = {
			isa = PBXVariantGroup;
			children = (
				105FAAB323A0E88C0004FF20 /* Base */,
			);
			name = Main.storyboard;
			sourceTree = "<group>";
		};
		105FAAB723A0E8920004FF20 /* LaunchScreen.storyboard */ = {
			isa = PBXVariantGroup;
			children = (
				105FAAB823A0E8920004FF20 /* Base */,
			);
			name = LaunchScreen.storyboard;
			sourceTree = "<group>";
		};
/* End PBXVariantGroup section */

/* Begin XCBuildConfiguration section */
		105FAABB23A0E8920004FF20 /* Debug */ = {
			isa = XCBuildConfiguration;
			buildSettings = {
				ALWAYS_SEARCH_USER_PATHS = NO;
				CLANG_ANALYZER_NONNULL = YES;
				CLANG_ANALYZER_NUMBER_OBJECT_CONVERSION = YES_AGGRESSIVE;
				CLANG_CXX_LANGUAGE_STANDARD = "gnu++14";
				CLANG_CXX_LIBRARY = "libc++";
				CLANG_ENABLE_MODULES = YES;
				CLANG_ENABLE_OBJC_ARC = YES;
				CLANG_ENABLE_OBJC_WEAK = YES;
				CLANG_WARN_BLOCK_CAPTURE_AUTORELEASING = YES;
				CLANG_WARN_BOOL_CONVERSION = YES;
				CLANG_WARN_COMMA = YES;
				CLANG_WARN_CONSTANT_CONVERSION = YES;
				CLANG_WARN_DEPRECATED_OBJC_IMPLEMENTATIONS = YES;
				CLANG_WARN_DIRECT_OBJC_ISA_USAGE = YES_ERROR;
				CLANG_WARN_DOCUMENTATION_COMMENTS = YES;
				CLANG_WARN_EMPTY_BODY = YES;
				CLANG_WARN_ENUM_CONVERSION = YES;
				CLANG_WARN_INFINITE_RECURSION = YES;
				CLANG_WARN_INT_CONVERSION = YES;
				CLANG_WARN_NON_LITERAL_NULL_CONVERSION = YES;
				CLANG_WARN_OBJC_IMPLICIT_RETAIN_SELF = YES;
				CLANG_WARN_OBJC_LITERAL_CONVERSION = YES;
				CLANG_WARN_OBJC_ROOT_CLASS = YES_ERROR;
				CLANG_WARN_RANGE_LOOP_ANALYSIS = YES;
				CLANG_WARN_STRICT_PROTOTYPES = YES;
				CLANG_WARN_SUSPICIOUS_MOVE = YES;
				CLANG_WARN_UNGUARDED_AVAILABILITY = YES_AGGRESSIVE;
				CLANG_WARN_UNREACHABLE_CODE = YES;
				CLANG_WARN__DUPLICATE_METHOD_MATCH = YES;
				COPY_PHASE_STRIP = NO;
				DEBUG_INFORMATION_FORMAT = dwarf;
				ENABLE_STRICT_OBJC_MSGSEND = YES;
				ENABLE_TESTABILITY = YES;
				GCC_C_LANGUAGE_STANDARD = gnu11;
				GCC_DYNAMIC_NO_PIC = NO;
				GCC_NO_COMMON_BLOCKS = YES;
				GCC_OPTIMIZATION_LEVEL = 0;
				GCC_PREPROCESSOR_DEFINITIONS = (
					"DEBUG=1",
					"$(inherited)",
				);
				GCC_WARN_64_TO_32_BIT_CONVERSION = YES;
				GCC_WARN_ABOUT_RETURN_TYPE = YES_ERROR;
				GCC_WARN_UNDECLARED_SELECTOR = YES;
				GCC_WARN_UNINITIALIZED_AUTOS = YES_AGGRESSIVE;
				GCC_WARN_UNUSED_FUNCTION = YES;
				GCC_WARN_UNUSED_VARIABLE = YES;
				IPHONEOS_DEPLOYMENT_TARGET = 13.1;
				MTL_ENABLE_DEBUG_INFO = INCLUDE_SOURCE;
				MTL_FAST_MATH = YES;
				ONLY_ACTIVE_ARCH = YES;
				SDKROOT = iphoneos;
				SWIFT_ACTIVE_COMPILATION_CONDITIONS = DEBUG;
				SWIFT_OPTIMIZATION_LEVEL = "-Onone";
			};
			name = Debug;
		};
		105FAABC23A0E8920004FF20 /* Release */ = {
			isa = XCBuildConfiguration;
			buildSettings = {
				ALWAYS_SEARCH_USER_PATHS = NO;
				CLANG_ANALYZER_NONNULL = YES;
				CLANG_ANALYZER_NUMBER_OBJECT_CONVERSION = YES_AGGRESSIVE;
				CLANG_CXX_LANGUAGE_STANDARD = "gnu++14";
				CLANG_CXX_LIBRARY = "libc++";
				CLANG_ENABLE_MODULES = YES;
				CLANG_ENABLE_OBJC_ARC = YES;
				CLANG_ENABLE_OBJC_WEAK = YES;
				CLANG_WARN_BLOCK_CAPTURE_AUTORELEASING = YES;
				CLANG_WARN_BOOL_CONVERSION = YES;
				CLANG_WARN_COMMA = YES;
				CLANG_WARN_CONSTANT_CONVERSION = YES;
				CLANG_WARN_DEPRECATED_OBJC_IMPLEMENTATIONS = YES;
				CLANG_WARN_DIRECT_OBJC_ISA_USAGE = YES_ERROR;
				CLANG_WARN_DOCUMENTATION_COMMENTS = YES;
				CLANG_WARN_EMPTY_BODY = YES;
				CLANG_WARN_ENUM_CONVERSION = YES;
				CLANG_WARN_INFINITE_RECURSION = YES;
				CLANG_WARN_INT_CONVERSION = YES;
				CLANG_WARN_NON_LITERAL_NULL_CONVERSION = YES;
				CLANG_WARN_OBJC_IMPLICIT_RETAIN_SELF = YES;
				CLANG_WARN_OBJC_LITERAL_CONVERSION = YES;
				CLANG_WARN_OBJC_ROOT_CLASS = YES_ERROR;
				CLANG_WARN_RANGE_LOOP_ANALYSIS = YES;
				CLANG_WARN_STRICT_PROTOTYPES = YES;
				CLANG_WARN_SUSPICIOUS_MOVE = YES;
				CLANG_WARN_UNGUARDED_AVAILABILITY = YES_AGGRESSIVE;
				CLANG_WARN_UNREACHABLE_CODE = YES;
				CLANG_WARN__DUPLICATE_METHOD_MATCH = YES;
				COPY_PHASE_STRIP = NO;
				DEBUG_INFORMATION_FORMAT = "dwarf-with-dsym";
				ENABLE_NS_ASSERTIONS = NO;
				ENABLE_STRICT_OBJC_MSGSEND = YES;
				GCC_C_LANGUAGE_STANDARD = gnu11;
				GCC_NO_COMMON_BLOCKS = YES;
				GCC_WARN_64_TO_32_BIT_CONVERSION = YES;
				GCC_WARN_ABOUT_RETURN_TYPE = YES_ERROR;
				GCC_WARN_UNDECLARED_SELECTOR = YES;
				GCC_WARN_UNINITIALIZED_AUTOS = YES_AGGRESSIVE;
				GCC_WARN_UNUSED_FUNCTION = YES;
				GCC_WARN_UNUSED_VARIABLE = YES;
				IPHONEOS_DEPLOYMENT_TARGET = 13.1;
				MTL_ENABLE_DEBUG_INFO = NO;
				MTL_FAST_MATH = YES;
				SDKROOT = iphoneos;
				SWIFT_COMPILATION_MODE = wholemodule;
				SWIFT_OPTIMIZATION_LEVEL = "-O";
				VALIDATE_PRODUCT = YES;
			};
			name = Release;
		};
		105FAABE23A0E8920004FF20 /* Debug */ = {
			isa = XCBuildConfiguration;
			baseConfigurationReference = 36362B82AD76BAD5743703AE /* Pods-SwiftyCompanion.debug.xcconfig */;
			buildSettings = {
				ASSETCATALOG_COMPILER_APPICON_NAME = AppIcon;
				CODE_SIGN_STYLE = Automatic;
				DEVELOPMENT_TEAM = 68V7NHY2R5;
				INFOPLIST_FILE = SwiftyCompanion/Info.plist;
				LD_RUNPATH_SEARCH_PATHS = (
					"$(inherited)",
					"@executable_path/Frameworks",
				);
				PRODUCT_BUNDLE_IDENTIFIER = com.stevevovchyna.SwiftyCompanion;
				PRODUCT_NAME = "$(TARGET_NAME)";
				SWIFT_VERSION = 5.0;
				TARGETED_DEVICE_FAMILY = 1;
			};
			name = Debug;
		};
		105FAABF23A0E8920004FF20 /* Release */ = {
			isa = XCBuildConfiguration;
			baseConfigurationReference = 54D430353886D29668B72FC4 /* Pods-SwiftyCompanion.release.xcconfig */;
			buildSettings = {
				ASSETCATALOG_COMPILER_APPICON_NAME = AppIcon;
				CODE_SIGN_STYLE = Automatic;
				DEVELOPMENT_TEAM = 68V7NHY2R5;
				INFOPLIST_FILE = SwiftyCompanion/Info.plist;
				LD_RUNPATH_SEARCH_PATHS = (
					"$(inherited)",
					"@executable_path/Frameworks",
				);
				PRODUCT_BUNDLE_IDENTIFIER = com.stevevovchyna.SwiftyCompanion;
				PRODUCT_NAME = "$(TARGET_NAME)";
				SWIFT_VERSION = 5.0;
				TARGETED_DEVICE_FAMILY = 1;
			};
			name = Release;
		};
/* End XCBuildConfiguration section */

/* Begin XCConfigurationList section */
		105FAAA423A0E88C0004FF20 /* Build configuration list for PBXProject "SwiftyCompanion" */ = {
			isa = XCConfigurationList;
			buildConfigurations = (
				105FAABB23A0E8920004FF20 /* Debug */,
				105FAABC23A0E8920004FF20 /* Release */,
			);
			defaultConfigurationIsVisible = 0;
			defaultConfigurationName = Release;
		};
		105FAABD23A0E8920004FF20 /* Build configuration list for PBXNativeTarget "SwiftyCompanion" */ = {
			isa = XCConfigurationList;
			buildConfigurations = (
				105FAABE23A0E8920004FF20 /* Debug */,
				105FAABF23A0E8920004FF20 /* Release */,
			);
			defaultConfigurationIsVisible = 0;
			defaultConfigurationName = Release;
		};
/* End XCConfigurationList section */
	};
	rootObject = 105FAAA123A0E88C0004FF20 /* Project object */;
}
